# This file is autogenerated, do not edit; changes may be undone by the next 'dep ensure'.


[[projects]]
  name = "github.com/mattn/go-runewidth"
  packages = ["."]
  revision = "9e777a8366cce605130a531d2cd6363d07ad7317"
  version = "v0.0.2"

[[projects]]
  branch = "develop"
  name = "github.com/mritd/promptx"
  packages = [
    ".",
    "list",
    "util"
  ]
  revision = "599061ab5daa845e2d6e4313d179073ddbbf393f"

[[projects]]
  branch = "develop"
  name = "github.com/mritd/readline"
  packages = ["."]
  revision = "ae245b60ddeb65cbbbe2b42da961f46d0b812f43"

[[projects]]
  branch = "master"
  name = "golang.org/x/sys"
  packages = ["unix"]
  revision = "904bdc257025c7b3f43c19360ad3ab85783fad78"

[solve-meta]
  analyzer-name = "dep"
  analyzer-version = 1
  inputs-digest = "7043b33eb453d8677234479cb5ad81c3cb7c775986af5b7cb108af27033a7331"
  solver-name = "gps-cdcl"
  solver-version = 1
